// !$*UTF8*$!
{
	archiveVersion = 1;
	classes = {
	};
	objectVersion = 51;
	objects = {

/* Begin PBXBuildFile section */
		3E5B2F6B76CD6F60AA76F67E /* Pods_MyPlayground.framework in Frameworks */ = {isa = PBXBuildFile; fileRef = CC1D198F575D10C70115FD88 /* Pods_MyPlayground.framework */; };
		6B42684241871787F4D8847B /* Pods_MyPlaygroundUITests.framework in Frameworks */ = {isa = PBXBuildFile; fileRef = 4C7687876A0257876CD96A36 /* Pods_MyPlaygroundUITests.framework */; };
		9DCCE81787FD902A2494F4B2 /* Pods_DDFramework.framework in Frameworks */ = {isa = PBXBuildFile; fileRef = D2F04EB6D09CB76B5FF8B8E2 /* Pods_DDFramework.framework */; };
		B3437DB72410B5A2004971E1 /* SortFunction.swift in Sources */ = {isa = PBXBuildFile; fileRef = B3437DB62410B5A2004971E1 /* SortFunction.swift */; };
		B3437DC12410B651004971E1 /* DDUIKit.h in Headers */ = {isa = PBXBuildFile; fileRef = B3437DBF2410B651004971E1 /* DDUIKit.h */; settings = {ATTRIBUTES = (Public, ); }; };
		B3437DC42410B651004971E1 /* DDUIKit.framework in Frameworks */ = {isa = PBXBuildFile; fileRef = B3437DBD2410B651004971E1 /* DDUIKit.framework */; };
		B3437DC52410B651004971E1 /* DDUIKit.framework in Embed Frameworks */ = {isa = PBXBuildFile; fileRef = B3437DBD2410B651004971E1 /* DDUIKit.framework */; settings = {ATTRIBUTES = (CodeSignOnCopy, RemoveHeadersOnCopy, ); }; };
		B3437DD12410B68C004971E1 /* DDRow3.swift in Sources */ = {isa = PBXBuildFile; fileRef = B3437DC92410B68C004971E1 /* DDRow3.swift */; };
		B3437DD22410B68C004971E1 /* DDCollectionView.swift in Sources */ = {isa = PBXBuildFile; fileRef = B3437DCA2410B68C004971E1 /* DDCollectionView.swift */; };
		B3437DD32410B68C004971E1 /* DDRow.swift in Sources */ = {isa = PBXBuildFile; fileRef = B3437DCB2410B68C004971E1 /* DDRow.swift */; };
		B3437DD42410B68C004971E1 /* DDCollectionViewCell.swift in Sources */ = {isa = PBXBuildFile; fileRef = B3437DCC2410B68C004971E1 /* DDCollectionViewCell.swift */; };
		B3437DD52410B68C004971E1 /* DDRow1.swift in Sources */ = {isa = PBXBuildFile; fileRef = B3437DCD2410B68C004971E1 /* DDRow1.swift */; };
		B3437DD62410B68C004971E1 /* DDRow2.swift in Sources */ = {isa = PBXBuildFile; fileRef = B3437DCE2410B68C004971E1 /* DDRow2.swift */; };
		B3437DD72410B68C004971E1 /* DDSection.swift in Sources */ = {isa = PBXBuildFile; fileRef = B3437DCF2410B68C004971E1 /* DDSection.swift */; };
		B3437DD82410B68C004971E1 /* DDViewController.swift in Sources */ = {isa = PBXBuildFile; fileRef = B3437DD02410B68C004971E1 /* DDViewController.swift */; };
		B3437DE024127E40004971E1 /* MyPlaygroundUITests.swift in Sources */ = {isa = PBXBuildFile; fileRef = B3437DDF24127E40004971E1 /* MyPlaygroundUITests.swift */; };
		B344F4402418872B000583C9 /* ContainerView.swift in Sources */ = {isa = PBXBuildFile; fileRef = B344F43E2418872A000583C9 /* ContainerView.swift */; };
		B344F4412418872B000583C9 /* SwitcherView.swift in Sources */ = {isa = PBXBuildFile; fileRef = B344F43F2418872B000583C9 /* SwitcherView.swift */; };
		B344F45B24188A8A000583C9 /* Step_rock_02.mp3 in Resources */ = {isa = PBXBuildFile; fileRef = B344F44224188A87000583C9 /* Step_rock_02.mp3 */; };
		B344F45C24188A8A000583C9 /* attack.mp3 in Resources */ = {isa = PBXBuildFile; fileRef = B344F44324188A87000583C9 /* attack.mp3 */; };
		B344F45D24188A8A000583C9 /* collectBig.mp3 in Resources */ = {isa = PBXBuildFile; fileRef = B344F44424188A87000583C9 /* collectBig.mp3 */; };
		B344F45E24188A8A000583C9 /* Step_rock_00.mp3 in Resources */ = {isa = PBXBuildFile; fileRef = B344F44524188A87000583C9 /* Step_rock_00.mp3 */; };
		B344F45F24188A8A000583C9 /* Step_rock_06.mp3 in Resources */ = {isa = PBXBuildFile; fileRef = B344F44624188A87000583C9 /* Step_rock_06.mp3 */; };
		B344F46024188A8A000583C9 /* unlockTheDoor.m4a in Resources */ = {isa = PBXBuildFile; fileRef = B344F44724188A87000583C9 /* unlockTheDoor.m4a */; };
		B344F46124188A8A000583C9 /* ouch_firehit.mp3 in Resources */ = {isa = PBXBuildFile; fileRef = B344F44824188A88000583C9 /* ouch_firehit.mp3 */; };
		B344F46224188A8A000583C9 /* collect.mp3 in Resources */ = {isa = PBXBuildFile; fileRef = B344F44924188A88000583C9 /* collect.mp3 */; };
		B344F46324188A8A000583C9 /* Step_rock_01.mp3 in Resources */ = {isa = PBXBuildFile; fileRef = B344F44A24188A88000583C9 /* Step_rock_01.mp3 */; };
		B344F46424188A8A000583C9 /* Explosion1.m4a in Resources */ = {isa = PBXBuildFile; fileRef = B344F44B24188A88000583C9 /* Explosion1.m4a */; };
		B344F46524188A8A000583C9 /* Music_victory.mp3 in Resources */ = {isa = PBXBuildFile; fileRef = B344F44C24188A88000583C9 /* Music_victory.mp3 */; };
		B344F46624188A8A000583C9 /* Explosion2.m4a in Resources */ = {isa = PBXBuildFile; fileRef = B344F44D24188A88000583C9 /* Explosion2.m4a */; };
		B344F46724188A8A000583C9 /* Step_rock_03.mp3 in Resources */ = {isa = PBXBuildFile; fileRef = B344F44E24188A88000583C9 /* Step_rock_03.mp3 */; };
		B344F46824188A8A000583C9 /* Step_rock_04.mp3 in Resources */ = {isa = PBXBuildFile; fileRef = B344F44F24188A89000583C9 /* Step_rock_04.mp3 */; };
		B344F46924188A8A000583C9 /* Step_rock_05.mp3 in Resources */ = {isa = PBXBuildFile; fileRef = B344F45024188A89000583C9 /* Step_rock_05.mp3 */; };
		B344F46A24188A8A000583C9 /* Step_rock_08.mp3 in Resources */ = {isa = PBXBuildFile; fileRef = B344F45124188A89000583C9 /* Step_rock_08.mp3 */; };
		B344F46B24188A8A000583C9 /* hit.mp3 in Resources */ = {isa = PBXBuildFile; fileRef = B344F45224188A89000583C9 /* hit.mp3 */; };
		B344F46C24188A8A000583C9 /* Step_rock_09.mp3 in Resources */ = {isa = PBXBuildFile; fileRef = B344F45324188A89000583C9 /* Step_rock_09.mp3 */; };
		B344F46D24188A8A000583C9 /* hitEnemy.wav in Resources */ = {isa = PBXBuildFile; fileRef = B344F45424188A89000583C9 /* hitEnemy.wav */; };
		B344F46E24188A8A000583C9 /* volcano.mp3 in Resources */ = {isa = PBXBuildFile; fileRef = B344F45524188A8A000583C9 /* volcano.mp3 */; };
		B344F46F24188A8A000583C9 /* Step_rock_07.mp3 in Resources */ = {isa = PBXBuildFile; fileRef = B344F45624188A8A000583C9 /* Step_rock_07.mp3 */; };
		B344F47024188A8A000583C9 /* panda_catch_fire.mp3 in Resources */ = {isa = PBXBuildFile; fileRef = B344F45724188A8A000583C9 /* panda_catch_fire.mp3 */; };
		B344F47124188A8A000583C9 /* jump.m4a in Resources */ = {isa = PBXBuildFile; fileRef = B344F45824188A8A000583C9 /* jump.m4a */; };
		B344F47224188A8A000583C9 /* ambience.mp3 in Resources */ = {isa = PBXBuildFile; fileRef = B344F45924188A8A000583C9 /* ambience.mp3 */; };
		B344F47324188A8A000583C9 /* aah_extinction.mp3 in Resources */ = {isa = PBXBuildFile; fileRef = B344F45A24188A8A000583C9 /* aah_extinction.mp3 */; };
		B34810802414911D00C041FB /* DDCollectionViewController.swift in Sources */ = {isa = PBXBuildFile; fileRef = B348107F2414911D00C041FB /* DDCollectionViewController.swift */; };
		B34810832414F0E500C041FB /* Colors.xcassets in Resources */ = {isa = PBXBuildFile; fileRef = B34810822414F0E500C041FB /* Colors.xcassets */; };
		B34810862414F16300C041FB /* Images.xcassets in Resources */ = {isa = PBXBuildFile; fileRef = B34810842414F15F00C041FB /* Images.xcassets */; };
		B34810872414F16300C041FB /* Icons.xcassets in Resources */ = {isa = PBXBuildFile; fileRef = B34810852414F16300C041FB /* Icons.xcassets */; };
		B348108A2414F1E000C041FB /* SharedImages.xcassets in Resources */ = {isa = PBXBuildFile; fileRef = B34810882414F1E000C041FB /* SharedImages.xcassets */; };
		B348108B2414F1E000C041FB /* SharedIcons.xcassets in Resources */ = {isa = PBXBuildFile; fileRef = B34810892414F1E000C041FB /* SharedIcons.xcassets */; };
		B34810942414F2E300C041FB /* slide_left.m4a in Resources */ = {isa = PBXBuildFile; fileRef = B348108D2414F2E200C041FB /* slide_left.m4a */; };
		B34810952414F2E300C041FB /* digi_plink.m4a in Resources */ = {isa = PBXBuildFile; fileRef = B348108E2414F2E200C041FB /* digi_plink.m4a */; };
		B34810962414F2E300C041FB /* slide_right.m4a in Resources */ = {isa = PBXBuildFile; fileRef = B348108F2414F2E200C041FB /* slide_right.m4a */; };
		B34810972414F2E300C041FB /* keyboard.mp3 in Resources */ = {isa = PBXBuildFile; fileRef = B34810902414F2E200C041FB /* keyboard.mp3 */; };
		B34810982414F2E300C041FB /* card_drop.m4a in Resources */ = {isa = PBXBuildFile; fileRef = B34810912414F2E300C041FB /* card_drop.m4a */; };
		B34810992414F2E300C041FB /* card_set.m4a in Resources */ = {isa = PBXBuildFile; fileRef = B34810922414F2E300C041FB /* card_set.m4a */; };
		B348109A2414F2E300C041FB /* zap_lores.m4a in Resources */ = {isa = PBXBuildFile; fileRef = B34810932414F2E300C041FB /* zap_lores.m4a */; };
		B3498DCE2413EC7C00867D6D /* DDRxViewController.swift in Sources */ = {isa = PBXBuildFile; fileRef = B3498DCD2413EC7C00867D6D /* DDRxViewController.swift */; };
		B36C2932240A5A38003B57E1 /* GradientManager.swift in Sources */ = {isa = PBXBuildFile; fileRef = B36C2931240A5A38003B57E1 /* GradientManager.swift */; };
		B36C293C240A5C96003B57E1 /* DDFramework.h in Headers */ = {isa = PBXBuildFile; fileRef = B36C293A240A5C96003B57E1 /* DDFramework.h */; settings = {ATTRIBUTES = (Public, ); }; };
		B36C293F240A5C96003B57E1 /* DDFramework.framework in Frameworks */ = {isa = PBXBuildFile; fileRef = B36C2938240A5C96003B57E1 /* DDFramework.framework */; };
		B36C2940240A5C96003B57E1 /* DDFramework.framework in Embed Frameworks */ = {isa = PBXBuildFile; fileRef = B36C2938240A5C96003B57E1 /* DDFramework.framework */; settings = {ATTRIBUTES = (CodeSignOnCopy, RemoveHeadersOnCopy, ); }; };
		B36C2946240A5D2B003B57E1 /* DDFunctionClass.swift in Sources */ = {isa = PBXBuildFile; fileRef = B36C2945240A5D2B003B57E1 /* DDFunctionClass.swift */; };
		B3B539A6240A56E9005163CE /* AppDelegate.swift in Sources */ = {isa = PBXBuildFile; fileRef = B3B539A5240A56E9005163CE /* AppDelegate.swift */; };
		B3B539A8240A56E9005163CE /* SceneDelegate.swift in Sources */ = {isa = PBXBuildFile; fileRef = B3B539A7240A56E9005163CE /* SceneDelegate.swift */; };
		B3B539AA240A56E9005163CE /* ViewController.swift in Sources */ = {isa = PBXBuildFile; fileRef = B3B539A9240A56E9005163CE /* ViewController.swift */; };
		B3B539AD240A56E9005163CE /* Main.storyboard in Resources */ = {isa = PBXBuildFile; fileRef = B3B539AB240A56E9005163CE /* Main.storyboard */; };
		B3B539B0240A56E9005163CE /* MyPlayground.xcdatamodeld in Sources */ = {isa = PBXBuildFile; fileRef = B3B539AE240A56E9005163CE /* MyPlayground.xcdatamodeld */; };
		B3B539B2240A56EB005163CE /* Assets.xcassets in Resources */ = {isa = PBXBuildFile; fileRef = B3B539B1240A56EB005163CE /* Assets.xcassets */; };
		B3B539B5240A56EB005163CE /* LaunchScreen.storyboard in Resources */ = {isa = PBXBuildFile; fileRef = B3B539B3240A56EB005163CE /* LaunchScreen.storyboard */; };
		B3B539BE240A575A005163CE /* CoreDataManager.swift in Sources */ = {isa = PBXBuildFile; fileRef = B3B539BD240A575A005163CE /* CoreDataManager.swift */; };
		B3B539C2240A5811005163CE /* Model1+CoreDataClass.swift in Sources */ = {isa = PBXBuildFile; fileRef = B3B539C0240A5810005163CE /* Model1+CoreDataClass.swift */; };
		B3B539C3240A5811005163CE /* Model1+CoreDataProperties.swift in Sources */ = {isa = PBXBuildFile; fileRef = B3B539C1240A5810005163CE /* Model1+CoreDataProperties.swift */; };
		FED3F2B8B7551EDFF72B51C2 /* Pods_DDUIKit.framework in Frameworks */ = {isa = PBXBuildFile; fileRef = ACF22C139949AA419D3B9269 /* Pods_DDUIKit.framework */; };
/* End PBXBuildFile section */

/* Begin PBXContainerItemProxy section */
		B3437DC22410B651004971E1 /* PBXContainerItemProxy */ = {
			isa = PBXContainerItemProxy;
			containerPortal = B3B5399A240A56E9005163CE /* Project object */;
			proxyType = 1;
			remoteGlobalIDString = B3437DBC2410B651004971E1;
			remoteInfo = DDUIKit;
		};
		B3437DE224127E40004971E1 /* PBXContainerItemProxy */ = {
			isa = PBXContainerItemProxy;
			containerPortal = B3B5399A240A56E9005163CE /* Project object */;
			proxyType = 1;
			remoteGlobalIDString = B3B539A1240A56E9005163CE;
			remoteInfo = MyPlayground;
		};
		B36C293D240A5C96003B57E1 /* PBXContainerItemProxy */ = {
			isa = PBXContainerItemProxy;
			containerPortal = B3B5399A240A56E9005163CE /* Project object */;
			proxyType = 1;
			remoteGlobalIDString = B36C2937240A5C96003B57E1;
			remoteInfo = DDFramework;
		};
/* End PBXContainerItemProxy section */

/* Begin PBXCopyFilesBuildPhase section */
		B36C2944240A5C96003B57E1 /* Embed Frameworks */ = {
			isa = PBXCopyFilesBuildPhase;
			buildActionMask = 2147483647;
			dstPath = "";
			dstSubfolderSpec = 10;
			files = (
				B36C2940240A5C96003B57E1 /* DDFramework.framework in Embed Frameworks */,
				B3437DC52410B651004971E1 /* DDUIKit.framework in Embed Frameworks */,
			);
			name = "Embed Frameworks";
			runOnlyForDeploymentPostprocessing = 0;
		};
/* End PBXCopyFilesBuildPhase section */

/* Begin PBXFileReference section */
		49AF9A21D1E790DCAF8FBDEB /* Pods-MyPlaygroundUITests.debug.xcconfig */ = {isa = PBXFileReference; includeInIndex = 1; lastKnownFileType = text.xcconfig; name = "Pods-MyPlaygroundUITests.debug.xcconfig"; path = "Target Support Files/Pods-MyPlaygroundUITests/Pods-MyPlaygroundUITests.debug.xcconfig"; sourceTree = "<group>"; };
		4C7687876A0257876CD96A36 /* Pods_MyPlaygroundUITests.framework */ = {isa = PBXFileReference; explicitFileType = wrapper.framework; includeInIndex = 0; path = Pods_MyPlaygroundUITests.framework; sourceTree = BUILT_PRODUCTS_DIR; };
		571248CAAE0270E3F8EE4D59 /* Pods-MyPlayground.release.xcconfig */ = {isa = PBXFileReference; includeInIndex = 1; lastKnownFileType = text.xcconfig; name = "Pods-MyPlayground.release.xcconfig"; path = "Target Support Files/Pods-MyPlayground/Pods-MyPlayground.release.xcconfig"; sourceTree = "<group>"; };
		6CB5AB4C6BF6567585821050 /* Pods-DDUIKit.release.xcconfig */ = {isa = PBXFileReference; includeInIndex = 1; lastKnownFileType = text.xcconfig; name = "Pods-DDUIKit.release.xcconfig"; path = "Target Support Files/Pods-DDUIKit/Pods-DDUIKit.release.xcconfig"; sourceTree = "<group>"; };
		ACF22C139949AA419D3B9269 /* Pods_DDUIKit.framework */ = {isa = PBXFileReference; explicitFileType = wrapper.framework; includeInIndex = 0; path = Pods_DDUIKit.framework; sourceTree = BUILT_PRODUCTS_DIR; };
		B3437DB62410B5A2004971E1 /* SortFunction.swift */ = {isa = PBXFileReference; lastKnownFileType = sourcecode.swift; path = SortFunction.swift; sourceTree = "<group>"; };
		B3437DBD2410B651004971E1 /* DDUIKit.framework */ = {isa = PBXFileReference; explicitFileType = wrapper.framework; includeInIndex = 0; path = DDUIKit.framework; sourceTree = BUILT_PRODUCTS_DIR; };
		B3437DBF2410B651004971E1 /* DDUIKit.h */ = {isa = PBXFileReference; lastKnownFileType = sourcecode.c.h; path = DDUIKit.h; sourceTree = "<group>"; };
		B3437DC02410B651004971E1 /* Info.plist */ = {isa = PBXFileReference; lastKnownFileType = text.plist.xml; path = Info.plist; sourceTree = "<group>"; };
		B3437DC92410B68C004971E1 /* DDRow3.swift */ = {isa = PBXFileReference; fileEncoding = 4; lastKnownFileType = sourcecode.swift; path = DDRow3.swift; sourceTree = "<group>"; };
		B3437DCA2410B68C004971E1 /* DDCollectionView.swift */ = {isa = PBXFileReference; fileEncoding = 4; lastKnownFileType = sourcecode.swift; path = DDCollectionView.swift; sourceTree = "<group>"; };
		B3437DCB2410B68C004971E1 /* DDRow.swift */ = {isa = PBXFileReference; fileEncoding = 4; lastKnownFileType = sourcecode.swift; path = DDRow.swift; sourceTree = "<group>"; };
		B3437DCC2410B68C004971E1 /* DDCollectionViewCell.swift */ = {isa = PBXFileReference; fileEncoding = 4; lastKnownFileType = sourcecode.swift; path = DDCollectionViewCell.swift; sourceTree = "<group>"; };
		B3437DCD2410B68C004971E1 /* DDRow1.swift */ = {isa = PBXFileReference; fileEncoding = 4; lastKnownFileType = sourcecode.swift; path = DDRow1.swift; sourceTree = "<group>"; };
		B3437DCE2410B68C004971E1 /* DDRow2.swift */ = {isa = PBXFileReference; fileEncoding = 4; lastKnownFileType = sourcecode.swift; path = DDRow2.swift; sourceTree = "<group>"; };
		B3437DCF2410B68C004971E1 /* DDSection.swift */ = {isa = PBXFileReference; fileEncoding = 4; lastKnownFileType = sourcecode.swift; path = DDSection.swift; sourceTree = "<group>"; };
		B3437DD02410B68C004971E1 /* DDViewController.swift */ = {isa = PBXFileReference; fileEncoding = 4; lastKnownFileType = sourcecode.swift; path = DDViewController.swift; sourceTree = "<group>"; };
		B3437DDD24127E40004971E1 /* MyPlaygroundUITests.xctest */ = {isa = PBXFileReference; explicitFileType = wrapper.cfbundle; includeInIndex = 0; path = MyPlaygroundUITests.xctest; sourceTree = BUILT_PRODUCTS_DIR; };
		B3437DDF24127E40004971E1 /* MyPlaygroundUITests.swift */ = {isa = PBXFileReference; lastKnownFileType = sourcecode.swift; path = MyPlaygroundUITests.swift; sourceTree = "<group>"; };
		B3437DE124127E40004971E1 /* Info.plist */ = {isa = PBXFileReference; lastKnownFileType = text.plist.xml; path = Info.plist; sourceTree = "<group>"; };
		B344F43E2418872A000583C9 /* ContainerView.swift */ = {isa = PBXFileReference; fileEncoding = 4; lastKnownFileType = sourcecode.swift; path = ContainerView.swift; sourceTree = "<group>"; };
		B344F43F2418872B000583C9 /* SwitcherView.swift */ = {isa = PBXFileReference; fileEncoding = 4; lastKnownFileType = sourcecode.swift; path = SwitcherView.swift; sourceTree = "<group>"; };
		B344F44224188A87000583C9 /* Step_rock_02.mp3 */ = {isa = PBXFileReference; lastKnownFileType = audio.mp3; path = Step_rock_02.mp3; sourceTree = "<group>"; };
		B344F44324188A87000583C9 /* attack.mp3 */ = {isa = PBXFileReference; lastKnownFileType = audio.mp3; path = attack.mp3; sourceTree = "<group>"; };
		B344F44424188A87000583C9 /* collectBig.mp3 */ = {isa = PBXFileReference; lastKnownFileType = audio.mp3; path = collectBig.mp3; sourceTree = "<group>"; };
		B344F44524188A87000583C9 /* Step_rock_00.mp3 */ = {isa = PBXFileReference; lastKnownFileType = audio.mp3; path = Step_rock_00.mp3; sourceTree = "<group>"; };
		B344F44624188A87000583C9 /* Step_rock_06.mp3 */ = {isa = PBXFileReference; lastKnownFileType = audio.mp3; path = Step_rock_06.mp3; sourceTree = "<group>"; };
		B344F44724188A87000583C9 /* unlockTheDoor.m4a */ = {isa = PBXFileReference; lastKnownFileType = file; path = unlockTheDoor.m4a; sourceTree = "<group>"; };
		B344F44824188A88000583C9 /* ouch_firehit.mp3 */ = {isa = PBXFileReference; lastKnownFileType = audio.mp3; path = ouch_firehit.mp3; sourceTree = "<group>"; };
		B344F44924188A88000583C9 /* collect.mp3 */ = {isa = PBXFileReference; lastKnownFileType = audio.mp3; path = collect.mp3; sourceTree = "<group>"; };
		B344F44A24188A88000583C9 /* Step_rock_01.mp3 */ = {isa = PBXFileReference; lastKnownFileType = audio.mp3; path = Step_rock_01.mp3; sourceTree = "<group>"; };
		B344F44B24188A88000583C9 /* Explosion1.m4a */ = {isa = PBXFileReference; lastKnownFileType = file; path = Explosion1.m4a; sourceTree = "<group>"; };
		B344F44C24188A88000583C9 /* Music_victory.mp3 */ = {isa = PBXFileReference; lastKnownFileType = audio.mp3; path = Music_victory.mp3; sourceTree = "<group>"; };
		B344F44D24188A88000583C9 /* Explosion2.m4a */ = {isa = PBXFileReference; lastKnownFileType = file; path = Explosion2.m4a; sourceTree = "<group>"; };
		B344F44E24188A88000583C9 /* Step_rock_03.mp3 */ = {isa = PBXFileReference; lastKnownFileType = audio.mp3; path = Step_rock_03.mp3; sourceTree = "<group>"; };
		B344F44F24188A89000583C9 /* Step_rock_04.mp3 */ = {isa = PBXFileReference; lastKnownFileType = audio.mp3; path = Step_rock_04.mp3; sourceTree = "<group>"; };
		B344F45024188A89000583C9 /* Step_rock_05.mp3 */ = {isa = PBXFileReference; lastKnownFileType = audio.mp3; path = Step_rock_05.mp3; sourceTree = "<group>"; };
		B344F45124188A89000583C9 /* Step_rock_08.mp3 */ = {isa = PBXFileReference; lastKnownFileType = audio.mp3; path = Step_rock_08.mp3; sourceTree = "<group>"; };
		B344F45224188A89000583C9 /* hit.mp3 */ = {isa = PBXFileReference; lastKnownFileType = audio.mp3; path = hit.mp3; sourceTree = "<group>"; };
		B344F45324188A89000583C9 /* Step_rock_09.mp3 */ = {isa = PBXFileReference; lastKnownFileType = audio.mp3; path = Step_rock_09.mp3; sourceTree = "<group>"; };
		B344F45424188A89000583C9 /* hitEnemy.wav */ = {isa = PBXFileReference; lastKnownFileType = audio.wav; path = hitEnemy.wav; sourceTree = "<group>"; };
		B344F45524188A8A000583C9 /* volcano.mp3 */ = {isa = PBXFileReference; lastKnownFileType = audio.mp3; path = volcano.mp3; sourceTree = "<group>"; };
		B344F45624188A8A000583C9 /* Step_rock_07.mp3 */ = {isa = PBXFileReference; lastKnownFileType = audio.mp3; path = Step_rock_07.mp3; sourceTree = "<group>"; };
		B344F45724188A8A000583C9 /* panda_catch_fire.mp3 */ = {isa = PBXFileReference; lastKnownFileType = audio.mp3; path = panda_catch_fire.mp3; sourceTree = "<group>"; };
		B344F45824188A8A000583C9 /* jump.m4a */ = {isa = PBXFileReference; lastKnownFileType = file; path = jump.m4a; sourceTree = "<group>"; };
		B344F45924188A8A000583C9 /* ambience.mp3 */ = {isa = PBXFileReference; lastKnownFileType = audio.mp3; path = ambience.mp3; sourceTree = "<group>"; };
		B344F45A24188A8A000583C9 /* aah_extinction.mp3 */ = {isa = PBXFileReference; lastKnownFileType = audio.mp3; path = aah_extinction.mp3; sourceTree = "<group>"; };
		B348107F2414911D00C041FB /* DDCollectionViewController.swift */ = {isa = PBXFileReference; lastKnownFileType = sourcecode.swift; path = DDCollectionViewController.swift; sourceTree = "<group>"; };
		B34810822414F0E500C041FB /* Colors.xcassets */ = {isa = PBXFileReference; lastKnownFileType = folder.assetcatalog; path = Colors.xcassets; sourceTree = "<group>"; };
		B34810842414F15F00C041FB /* Images.xcassets */ = {isa = PBXFileReference; lastKnownFileType = folder.assetcatalog; path = Images.xcassets; sourceTree = "<group>"; };
		B34810852414F16300C041FB /* Icons.xcassets */ = {isa = PBXFileReference; lastKnownFileType = folder.assetcatalog; path = Icons.xcassets; sourceTree = "<group>"; };
		B34810882414F1E000C041FB /* SharedImages.xcassets */ = {isa = PBXFileReference; lastKnownFileType = folder.assetcatalog; path = SharedImages.xcassets; sourceTree = "<group>"; };
		B34810892414F1E000C041FB /* SharedIcons.xcassets */ = {isa = PBXFileReference; lastKnownFileType = folder.assetcatalog; path = SharedIcons.xcassets; sourceTree = "<group>"; };
		B348108D2414F2E200C041FB /* slide_left.m4a */ = {isa = PBXFileReference; lastKnownFileType = file; path = slide_left.m4a; sourceTree = "<group>"; };
		B348108E2414F2E200C041FB /* digi_plink.m4a */ = {isa = PBXFileReference; lastKnownFileType = file; path = digi_plink.m4a; sourceTree = "<group>"; };
		B348108F2414F2E200C041FB /* slide_right.m4a */ = {isa = PBXFileReference; lastKnownFileType = file; path = slide_right.m4a; sourceTree = "<group>"; };
		B34810902414F2E200C041FB /* keyboard.mp3 */ = {isa = PBXFileReference; lastKnownFileType = audio.mp3; path = keyboard.mp3; sourceTree = "<group>"; };
		B34810912414F2E300C041FB /* card_drop.m4a */ = {isa = PBXFileReference; lastKnownFileType = file; path = card_drop.m4a; sourceTree = "<group>"; };
		B34810922414F2E300C041FB /* card_set.m4a */ = {isa = PBXFileReference; lastKnownFileType = file; path = card_set.m4a; sourceTree = "<group>"; };
		B34810932414F2E300C041FB /* zap_lores.m4a */ = {isa = PBXFileReference; lastKnownFileType = file; path = zap_lores.m4a; sourceTree = "<group>"; };
		B3498DCD2413EC7C00867D6D /* DDRxViewController.swift */ = {isa = PBXFileReference; lastKnownFileType = sourcecode.swift; path = DDRxViewController.swift; sourceTree = "<group>"; };
		B36C2931240A5A38003B57E1 /* GradientManager.swift */ = {isa = PBXFileReference; lastKnownFileType = sourcecode.swift; path = GradientManager.swift; sourceTree = "<group>"; };
		B36C2938240A5C96003B57E1 /* DDFramework.framework */ = {isa = PBXFileReference; explicitFileType = wrapper.framework; includeInIndex = 0; path = DDFramework.framework; sourceTree = BUILT_PRODUCTS_DIR; };
		B36C293A240A5C96003B57E1 /* DDFramework.h */ = {isa = PBXFileReference; lastKnownFileType = sourcecode.c.h; path = DDFramework.h; sourceTree = "<group>"; };
		B36C293B240A5C96003B57E1 /* Info.plist */ = {isa = PBXFileReference; lastKnownFileType = text.plist.xml; path = Info.plist; sourceTree = "<group>"; };
		B36C2945240A5D2B003B57E1 /* DDFunctionClass.swift */ = {isa = PBXFileReference; lastKnownFileType = sourcecode.swift; path = DDFunctionClass.swift; sourceTree = "<group>"; };
		B3B539A2240A56E9005163CE /* MyPlayground.app */ = {isa = PBXFileReference; explicitFileType = wrapper.application; includeInIndex = 0; path = MyPlayground.app; sourceTree = BUILT_PRODUCTS_DIR; };
		B3B539A5240A56E9005163CE /* AppDelegate.swift */ = {isa = PBXFileReference; lastKnownFileType = sourcecode.swift; path = AppDelegate.swift; sourceTree = "<group>"; };
		B3B539A7240A56E9005163CE /* SceneDelegate.swift */ = {isa = PBXFileReference; lastKnownFileType = sourcecode.swift; path = SceneDelegate.swift; sourceTree = "<group>"; };
		B3B539A9240A56E9005163CE /* ViewController.swift */ = {isa = PBXFileReference; lastKnownFileType = sourcecode.swift; path = ViewController.swift; sourceTree = "<group>"; };
		B3B539AC240A56E9005163CE /* Base */ = {isa = PBXFileReference; lastKnownFileType = file.storyboard; name = Base; path = Base.lproj/Main.storyboard; sourceTree = "<group>"; };
		B3B539AF240A56E9005163CE /* MyPlayground.xcdatamodel */ = {isa = PBXFileReference; lastKnownFileType = wrapper.xcdatamodel; path = MyPlayground.xcdatamodel; sourceTree = "<group>"; };
		B3B539B1240A56EB005163CE /* Assets.xcassets */ = {isa = PBXFileReference; lastKnownFileType = folder.assetcatalog; path = Assets.xcassets; sourceTree = "<group>"; };
		B3B539B4240A56EB005163CE /* Base */ = {isa = PBXFileReference; lastKnownFileType = file.storyboard; name = Base; path = Base.lproj/LaunchScreen.storyboard; sourceTree = "<group>"; };
		B3B539B6240A56EB005163CE /* Info.plist */ = {isa = PBXFileReference; lastKnownFileType = text.plist.xml; path = Info.plist; sourceTree = "<group>"; };
		B3B539BD240A575A005163CE /* CoreDataManager.swift */ = {isa = PBXFileReference; lastKnownFileType = sourcecode.swift; path = CoreDataManager.swift; sourceTree = "<group>"; };
		B3B539C0240A5810005163CE /* Model1+CoreDataClass.swift */ = {isa = PBXFileReference; lastKnownFileType = sourcecode.swift; path = "Model1+CoreDataClass.swift"; sourceTree = "<group>"; };
		B3B539C1240A5810005163CE /* Model1+CoreDataProperties.swift */ = {isa = PBXFileReference; lastKnownFileType = sourcecode.swift; path = "Model1+CoreDataProperties.swift"; sourceTree = "<group>"; };
		CC1D198F575D10C70115FD88 /* Pods_MyPlayground.framework */ = {isa = PBXFileReference; explicitFileType = wrapper.framework; includeInIndex = 0; path = Pods_MyPlayground.framework; sourceTree = BUILT_PRODUCTS_DIR; };
		D03A255FEC5623E5842F0D2E /* Pods-DDFramework.release.xcconfig */ = {isa = PBXFileReference; includeInIndex = 1; lastKnownFileType = text.xcconfig; name = "Pods-DDFramework.release.xcconfig"; path = "Target Support Files/Pods-DDFramework/Pods-DDFramework.release.xcconfig"; sourceTree = "<group>"; };
		D2F04EB6D09CB76B5FF8B8E2 /* Pods_DDFramework.framework */ = {isa = PBXFileReference; explicitFileType = wrapper.framework; includeInIndex = 0; path = Pods_DDFramework.framework; sourceTree = BUILT_PRODUCTS_DIR; };
		D3C2FD2FBAA7F2C31CF60D91 /* Pods-MyPlaygroundUITests.release.xcconfig */ = {isa = PBXFileReference; includeInIndex = 1; lastKnownFileType = text.xcconfig; name = "Pods-MyPlaygroundUITests.release.xcconfig"; path = "Target Support Files/Pods-MyPlaygroundUITests/Pods-MyPlaygroundUITests.release.xcconfig"; sourceTree = "<group>"; };
		E1DA540BC4FF1EA210C598BE /* Pods-MyPlayground.debug.xcconfig */ = {isa = PBXFileReference; includeInIndex = 1; lastKnownFileType = text.xcconfig; name = "Pods-MyPlayground.debug.xcconfig"; path = "Target Support Files/Pods-MyPlayground/Pods-MyPlayground.debug.xcconfig"; sourceTree = "<group>"; };
		F18500B797B8867A4B96E4F0 /* Pods-DDFramework.debug.xcconfig */ = {isa = PBXFileReference; includeInIndex = 1; lastKnownFileType = text.xcconfig; name = "Pods-DDFramework.debug.xcconfig"; path = "Target Support Files/Pods-DDFramework/Pods-DDFramework.debug.xcconfig"; sourceTree = "<group>"; };
		FFE2C7933DDAB8691D197D93 /* Pods-DDUIKit.debug.xcconfig */ = {isa = PBXFileReference; includeInIndex = 1; lastKnownFileType = text.xcconfig; name = "Pods-DDUIKit.debug.xcconfig"; path = "Target Support Files/Pods-DDUIKit/Pods-DDUIKit.debug.xcconfig"; sourceTree = "<group>"; };
/* End PBXFileReference section */

/* Begin PBXFrameworksBuildPhase section */
		B3437DBA2410B651004971E1 /* Frameworks */ = {
			isa = PBXFrameworksBuildPhase;
			buildActionMask = 2147483647;
			files = (
				FED3F2B8B7551EDFF72B51C2 /* Pods_DDUIKit.framework in Frameworks */,
			);
			runOnlyForDeploymentPostprocessing = 0;
		};
		B3437DDA24127E40004971E1 /* Frameworks */ = {
			isa = PBXFrameworksBuildPhase;
			buildActionMask = 2147483647;
			files = (
				6B42684241871787F4D8847B /* Pods_MyPlaygroundUITests.framework in Frameworks */,
			);
			runOnlyForDeploymentPostprocessing = 0;
		};
		B36C2935240A5C96003B57E1 /* Frameworks */ = {
			isa = PBXFrameworksBuildPhase;
			buildActionMask = 2147483647;
			files = (
				9DCCE81787FD902A2494F4B2 /* Pods_DDFramework.framework in Frameworks */,
			);
			runOnlyForDeploymentPostprocessing = 0;
		};
		B3B5399F240A56E9005163CE /* Frameworks */ = {
			isa = PBXFrameworksBuildPhase;
			buildActionMask = 2147483647;
			files = (
				B36C293F240A5C96003B57E1 /* DDFramework.framework in Frameworks */,
				B3437DC42410B651004971E1 /* DDUIKit.framework in Frameworks */,
				3E5B2F6B76CD6F60AA76F67E /* Pods_MyPlayground.framework in Frameworks */,
			);
			runOnlyForDeploymentPostprocessing = 0;
		};
/* End PBXFrameworksBuildPhase section */

/* Begin PBXGroup section */
		8D30175F4A2C49412107A969 /* Frameworks */ = {
			isa = PBXGroup;
			children = (
				D2F04EB6D09CB76B5FF8B8E2 /* Pods_DDFramework.framework */,
				ACF22C139949AA419D3B9269 /* Pods_DDUIKit.framework */,
				CC1D198F575D10C70115FD88 /* Pods_MyPlayground.framework */,
				4C7687876A0257876CD96A36 /* Pods_MyPlaygroundUITests.framework */,
			);
			name = Frameworks;
			sourceTree = "<group>";
		};
		B3437DB52410B56C004971E1 /* Sort */ = {
			isa = PBXGroup;
			children = (
				B3437DB62410B5A2004971E1 /* SortFunction.swift */,
			);
			path = Sort;
			sourceTree = "<group>";
		};
		B3437DBE2410B651004971E1 /* DDUIKit */ = {
			isa = PBXGroup;
			children = (
				B3437DCA2410B68C004971E1 /* DDCollectionView.swift */,
				B3437DCC2410B68C004971E1 /* DDCollectionViewCell.swift */,
				B3437DCB2410B68C004971E1 /* DDRow.swift */,
				B3437DCD2410B68C004971E1 /* DDRow1.swift */,
				B3437DCE2410B68C004971E1 /* DDRow2.swift */,
				B3437DC92410B68C004971E1 /* DDRow3.swift */,
				B3437DCF2410B68C004971E1 /* DDSection.swift */,
				B3437DD02410B68C004971E1 /* DDViewController.swift */,
				B348107F2414911D00C041FB /* DDCollectionViewController.swift */,
				B3437DBF2410B651004971E1 /* DDUIKit.h */,
				B3437DC02410B651004971E1 /* Info.plist */,
			);
			path = DDUIKit;
			sourceTree = "<group>";
		};
		B3437DDE24127E40004971E1 /* MyPlaygroundUITests */ = {
			isa = PBXGroup;
			children = (
				B3437DDF24127E40004971E1 /* MyPlaygroundUITests.swift */,
				B3437DE124127E40004971E1 /* Info.plist */,
			);
			path = MyPlaygroundUITests;
			sourceTree = "<group>";
		};
		B344F43D2418870B000583C9 /* CommonUI */ = {
			isa = PBXGroup;
			children = (
				B344F43E2418872A000583C9 /* ContainerView.swift */,
				B344F43F2418872B000583C9 /* SwitcherView.swift */,
			);
			path = CommonUI;
			sourceTree = "<group>";
		};
		B34810812414F09700C041FB /* Resources */ = {
			isa = PBXGroup;
			children = (
				B348108C2414F28800C041FB /* Sounds */,
				B34810892414F1E000C041FB /* SharedIcons.xcassets */,
				B34810882414F1E000C041FB /* SharedImages.xcassets */,
				B34810852414F16300C041FB /* Icons.xcassets */,
				B34810842414F15F00C041FB /* Images.xcassets */,
				B34810822414F0E500C041FB /* Colors.xcassets */,
			);
			path = Resources;
			sourceTree = "<group>";
		};
		B348108C2414F28800C041FB /* Sounds */ = {
			isa = PBXGroup;
			children = (
				B344F45A24188A8A000583C9 /* aah_extinction.mp3 */,
				B344F45924188A8A000583C9 /* ambience.mp3 */,
				B344F44324188A87000583C9 /* attack.mp3 */,
				B344F44924188A88000583C9 /* collect.mp3 */,
				B344F44424188A87000583C9 /* collectBig.mp3 */,
				B344F44B24188A88000583C9 /* Explosion1.m4a */,
				B344F44D24188A88000583C9 /* Explosion2.m4a */,
				B344F45224188A89000583C9 /* hit.mp3 */,
				B344F45424188A89000583C9 /* hitEnemy.wav */,
				B344F45824188A8A000583C9 /* jump.m4a */,
				B344F44C24188A88000583C9 /* Music_victory.mp3 */,
				B344F44824188A88000583C9 /* ouch_firehit.mp3 */,
				B344F45724188A8A000583C9 /* panda_catch_fire.mp3 */,
				B344F44524188A87000583C9 /* Step_rock_00.mp3 */,
				B344F44A24188A88000583C9 /* Step_rock_01.mp3 */,
				B344F44224188A87000583C9 /* Step_rock_02.mp3 */,
				B344F44E24188A88000583C9 /* Step_rock_03.mp3 */,
				B344F44F24188A89000583C9 /* Step_rock_04.mp3 */,
				B344F45024188A89000583C9 /* Step_rock_05.mp3 */,
				B344F44624188A87000583C9 /* Step_rock_06.mp3 */,
				B344F45624188A8A000583C9 /* Step_rock_07.mp3 */,
				B344F45124188A89000583C9 /* Step_rock_08.mp3 */,
				B344F45324188A89000583C9 /* Step_rock_09.mp3 */,
				B344F44724188A87000583C9 /* unlockTheDoor.m4a */,
				B344F45524188A8A000583C9 /* volcano.mp3 */,
				B34810912414F2E300C041FB /* card_drop.m4a */,
				B34810922414F2E300C041FB /* card_set.m4a */,
				B348108E2414F2E200C041FB /* digi_plink.m4a */,
				B34810902414F2E200C041FB /* keyboard.mp3 */,
				B348108D2414F2E200C041FB /* slide_left.m4a */,
				B348108F2414F2E200C041FB /* slide_right.m4a */,
				B34810932414F2E300C041FB /* zap_lores.m4a */,
			);
			path = Sounds;
			sourceTree = "<group>";
		};
		B3498DCC2413EC4A00867D6D /* RxSwift */ = {
			isa = PBXGroup;
			children = (
				B3498DCD2413EC7C00867D6D /* DDRxViewController.swift */,
			);
			path = RxSwift;
			sourceTree = "<group>";
		};
		B36C2939240A5C96003B57E1 /* DDFramework */ = {
			isa = PBXGroup;
			children = (
				B36C293A240A5C96003B57E1 /* DDFramework.h */,
				B36C2945240A5D2B003B57E1 /* DDFunctionClass.swift */,
				B36C293B240A5C96003B57E1 /* Info.plist */,
			);
			path = DDFramework;
			sourceTree = "<group>";
		};
		B3B53999240A56E9005163CE = {
			isa = PBXGroup;
			children = (
				B34810812414F09700C041FB /* Resources */,
				B3498DCC2413EC4A00867D6D /* RxSwift */,
				B3437DB52410B56C004971E1 /* Sort */,
				B3B539C4240A594F005163CE /* GridentLayer */,
				B3B539BC240A5726005163CE /* CoreData */,
				B3B539A4240A56E9005163CE /* MyPlayground */,
				B36C2939240A5C96003B57E1 /* DDFramework */,
				B3437DBE2410B651004971E1 /* DDUIKit */,
				B3437DDE24127E40004971E1 /* MyPlaygroundUITests */,
				B3B539A3240A56E9005163CE /* Products */,
				D590A020B174D7FEC2BA993F /* Pods */,
				8D30175F4A2C49412107A969 /* Frameworks */,
			);
			sourceTree = "<group>";
		};
		B3B539A3240A56E9005163CE /* Products */ = {
			isa = PBXGroup;
			children = (
				B3B539A2240A56E9005163CE /* MyPlayground.app */,
				B36C2938240A5C96003B57E1 /* DDFramework.framework */,
				B3437DBD2410B651004971E1 /* DDUIKit.framework */,
				B3437DDD24127E40004971E1 /* MyPlaygroundUITests.xctest */,
			);
			name = Products;
			sourceTree = "<group>";
		};
		B3B539A4240A56E9005163CE /* MyPlayground */ = {
			isa = PBXGroup;
			children = (
				B344F43D2418870B000583C9 /* CommonUI */,
				B3B539A5240A56E9005163CE /* AppDelegate.swift */,
				B3B539A7240A56E9005163CE /* SceneDelegate.swift */,
				B3B539A9240A56E9005163CE /* ViewController.swift */,
				B3B539AB240A56E9005163CE /* Main.storyboard */,
				B3B539B1240A56EB005163CE /* Assets.xcassets */,
				B3B539B3240A56EB005163CE /* LaunchScreen.storyboard */,
				B3B539B6240A56EB005163CE /* Info.plist */,
				B3B539AE240A56E9005163CE /* MyPlayground.xcdatamodeld */,
			);
			path = MyPlayground;
			sourceTree = "<group>";
		};
		B3B539BC240A5726005163CE /* CoreData */ = {
			isa = PBXGroup;
			children = (
				B3B539BF240A57F9005163CE /* Models */,
				B3B539BD240A575A005163CE /* CoreDataManager.swift */,
			);
			path = CoreData;
			sourceTree = "<group>";
		};
		B3B539BF240A57F9005163CE /* Models */ = {
			isa = PBXGroup;
			children = (
				B3B539C0240A5810005163CE /* Model1+CoreDataClass.swift */,
				B3B539C1240A5810005163CE /* Model1+CoreDataProperties.swift */,
			);
			path = Models;
			sourceTree = "<group>";
		};
		B3B539C4240A594F005163CE /* GridentLayer */ = {
			isa = PBXGroup;
			children = (
				B36C2931240A5A38003B57E1 /* GradientManager.swift */,
			);
			path = GridentLayer;
			sourceTree = "<group>";
		};
		D590A020B174D7FEC2BA993F /* Pods */ = {
			isa = PBXGroup;
			children = (
				F18500B797B8867A4B96E4F0 /* Pods-DDFramework.debug.xcconfig */,
				D03A255FEC5623E5842F0D2E /* Pods-DDFramework.release.xcconfig */,
				FFE2C7933DDAB8691D197D93 /* Pods-DDUIKit.debug.xcconfig */,
				6CB5AB4C6BF6567585821050 /* Pods-DDUIKit.release.xcconfig */,
				E1DA540BC4FF1EA210C598BE /* Pods-MyPlayground.debug.xcconfig */,
				571248CAAE0270E3F8EE4D59 /* Pods-MyPlayground.release.xcconfig */,
				49AF9A21D1E790DCAF8FBDEB /* Pods-MyPlaygroundUITests.debug.xcconfig */,
				D3C2FD2FBAA7F2C31CF60D91 /* Pods-MyPlaygroundUITests.release.xcconfig */,
			);
			path = Pods;
			sourceTree = "<group>";
		};
/* End PBXGroup section */

/* Begin PBXHeadersBuildPhase section */
		B3437DB82410B651004971E1 /* Headers */ = {
			isa = PBXHeadersBuildPhase;
			buildActionMask = 2147483647;
			files = (
				B3437DC12410B651004971E1 /* DDUIKit.h in Headers */,
			);
			runOnlyForDeploymentPostprocessing = 0;
		};
		B36C2933240A5C96003B57E1 /* Headers */ = {
			isa = PBXHeadersBuildPhase;
			buildActionMask = 2147483647;
			files = (
				B36C293C240A5C96003B57E1 /* DDFramework.h in Headers */,
			);
			runOnlyForDeploymentPostprocessing = 0;
		};
/* End PBXHeadersBuildPhase section */

/* Begin PBXNativeTarget section */
		B3437DBC2410B651004971E1 /* DDUIKit */ = {
			isa = PBXNativeTarget;
			buildConfigurationList = B3437DC62410B651004971E1 /* Build configuration list for PBXNativeTarget "DDUIKit" */;
			buildPhases = (
				9851E3C4804DFAFC41FE3178 /* [CP] Check Pods Manifest.lock */,
				B3437DB82410B651004971E1 /* Headers */,
				B3437DB92410B651004971E1 /* Sources */,
				B3437DBA2410B651004971E1 /* Frameworks */,
				B3437DBB2410B651004971E1 /* Resources */,
			);
			buildRules = (
			);
			dependencies = (
			);
			name = DDUIKit;
			productName = DDUIKit;
			productReference = B3437DBD2410B651004971E1 /* DDUIKit.framework */;
			productType = "com.apple.product-type.framework";
		};
		B3437DDC24127E40004971E1 /* MyPlaygroundUITests */ = {
			isa = PBXNativeTarget;
			buildConfigurationList = B3437DE624127E40004971E1 /* Build configuration list for PBXNativeTarget "MyPlaygroundUITests" */;
			buildPhases = (
				317833336A9B2123D7C7EF2B /* [CP] Check Pods Manifest.lock */,
				B3437DD924127E40004971E1 /* Sources */,
				B3437DDA24127E40004971E1 /* Frameworks */,
				B3437DDB24127E40004971E1 /* Resources */,
			);
			buildRules = (
			);
			dependencies = (
				B3437DE324127E40004971E1 /* PBXTargetDependency */,
			);
			name = MyPlaygroundUITests;
			productName = MyPlaygroundUITests;
			productReference = B3437DDD24127E40004971E1 /* MyPlaygroundUITests.xctest */;
			productType = "com.apple.product-type.bundle.ui-testing";
		};
		B36C2937240A5C96003B57E1 /* DDFramework */ = {
			isa = PBXNativeTarget;
			buildConfigurationList = B36C2941240A5C96003B57E1 /* Build configuration list for PBXNativeTarget "DDFramework" */;
			buildPhases = (
				5B4E82F3371D5C8D07CCCB2F /* [CP] Check Pods Manifest.lock */,
				B36C2933240A5C96003B57E1 /* Headers */,
				B36C2934240A5C96003B57E1 /* Sources */,
				B36C2935240A5C96003B57E1 /* Frameworks */,
				B36C2936240A5C96003B57E1 /* Resources */,
			);
			buildRules = (
			);
			dependencies = (
			);
			name = DDFramework;
			productName = DDFramework;
			productReference = B36C2938240A5C96003B57E1 /* DDFramework.framework */;
			productType = "com.apple.product-type.framework";
		};
		B3B539A1240A56E9005163CE /* MyPlayground */ = {
			isa = PBXNativeTarget;
			buildConfigurationList = B3B539B9240A56EB005163CE /* Build configuration list for PBXNativeTarget "MyPlayground" */;
			buildPhases = (
				63B26D880B1DF03F6EDF023E /* [CP] Check Pods Manifest.lock */,
				B3B5399E240A56E9005163CE /* Sources */,
				B3B5399F240A56E9005163CE /* Frameworks */,
				B3B539A0240A56E9005163CE /* Resources */,
				B36C2944240A5C96003B57E1 /* Embed Frameworks */,
				BBA002CD80919F34D49719D1 /* [CP] Embed Pods Frameworks */,
			);
			buildRules = (
			);
			dependencies = (
				B36C293E240A5C96003B57E1 /* PBXTargetDependency */,
				B3437DC32410B651004971E1 /* PBXTargetDependency */,
			);
			name = MyPlayground;
			productName = MyPlayground;
			productReference = B3B539A2240A56E9005163CE /* MyPlayground.app */;
			productType = "com.apple.product-type.application";
		};
/* End PBXNativeTarget section */

/* Begin PBXProject section */
		B3B5399A240A56E9005163CE /* Project object */ = {
			isa = PBXProject;
			attributes = {
				LastSwiftUpdateCheck = 1120;
				LastUpgradeCheck = 1120;
				ORGANIZATIONNAME = JohnConnor;
				TargetAttributes = {
					B3437DBC2410B651004971E1 = {
						CreatedOnToolsVersion = 11.2.1;
						LastSwiftMigration = 1120;
					};
					B3437DDC24127E40004971E1 = {
						CreatedOnToolsVersion = 11.2.1;
						TestTargetID = B3B539A1240A56E9005163CE;
					};
					B36C2937240A5C96003B57E1 = {
						CreatedOnToolsVersion = 11.2.1;
						LastSwiftMigration = 1120;
					};
					B3B539A1240A56E9005163CE = {
						CreatedOnToolsVersion = 11.2.1;
					};
				};
			};
			buildConfigurationList = B3B5399D240A56E9005163CE /* Build configuration list for PBXProject "MyPlayground" */;
			compatibilityVersion = "Xcode 9.3";
			developmentRegion = en;
			hasScannedForEncodings = 0;
			knownRegions = (
				en,
				Base,
			);
			mainGroup = B3B53999240A56E9005163CE;
			productRefGroup = B3B539A3240A56E9005163CE /* Products */;
			projectDirPath = "";
			projectRoot = "";
			targets = (
				B3B539A1240A56E9005163CE /* MyPlayground */,
				B36C2937240A5C96003B57E1 /* DDFramework */,
				B3437DBC2410B651004971E1 /* DDUIKit */,
				B3437DDC24127E40004971E1 /* MyPlaygroundUITests */,
			);
		};
/* End PBXProject section */

/* Begin PBXResourcesBuildPhase section */
		B3437DBB2410B651004971E1 /* Resources */ = {
			isa = PBXResourcesBuildPhase;
			buildActionMask = 2147483647;
			files = (
			);
			runOnlyForDeploymentPostprocessing = 0;
		};
		B3437DDB24127E40004971E1 /* Resources */ = {
			isa = PBXResourcesBuildPhase;
			buildActionMask = 2147483647;
			files = (
			);
			runOnlyForDeploymentPostprocessing = 0;
		};
		B36C2936240A5C96003B57E1 /* Resources */ = {
			isa = PBXResourcesBuildPhase;
			buildActionMask = 2147483647;
			files = (
			);
			runOnlyForDeploymentPostprocessing = 0;
		};
		B3B539A0240A56E9005163CE /* Resources */ = {
			isa = PBXResourcesBuildPhase;
			buildActionMask = 2147483647;
			files = (
				B344F46A24188A8A000583C9 /* Step_rock_08.mp3 in Resources */,
				B344F47024188A8A000583C9 /* panda_catch_fire.mp3 in Resources */,
				B344F46324188A8A000583C9 /* Step_rock_01.mp3 in Resources */,
				B344F46624188A8A000583C9 /* Explosion2.m4a in Resources */,
				B344F45C24188A8A000583C9 /* attack.mp3 in Resources */,
				B344F46E24188A8A000583C9 /* volcano.mp3 in Resources */,
				B344F47324188A8A000583C9 /* aah_extinction.mp3 in Resources */,
				B344F47124188A8A000583C9 /* jump.m4a in Resources */,
				B3B539B5240A56EB005163CE /* LaunchScreen.storyboard in Resources */,
				B344F46F24188A8A000583C9 /* Step_rock_07.mp3 in Resources */,
				B34810962414F2E300C041FB /* slide_right.m4a in Resources */,
				B34810862414F16300C041FB /* Images.xcassets in Resources */,
				B34810992414F2E300C041FB /* card_set.m4a in Resources */,
				B344F46224188A8A000583C9 /* collect.mp3 in Resources */,
				B34810832414F0E500C041FB /* Colors.xcassets in Resources */,
				B344F46B24188A8A000583C9 /* hit.mp3 in Resources */,
				B34810982414F2E300C041FB /* card_drop.m4a in Resources */,
				B34810942414F2E300C041FB /* slide_left.m4a in Resources */,
				B344F46024188A8A000583C9 /* unlockTheDoor.m4a in Resources */,
				B344F45E24188A8A000583C9 /* Step_rock_00.mp3 in Resources */,
				B344F45F24188A8A000583C9 /* Step_rock_06.mp3 in Resources */,
				B344F46824188A8A000583C9 /* Step_rock_04.mp3 in Resources */,
				B348108B2414F1E000C041FB /* SharedIcons.xcassets in Resources */,
				B344F47224188A8A000583C9 /* ambience.mp3 in Resources */,
				B344F46424188A8A000583C9 /* Explosion1.m4a in Resources */,
				B3B539B2240A56EB005163CE /* Assets.xcassets in Resources */,
				B344F45B24188A8A000583C9 /* Step_rock_02.mp3 in Resources */,
				B34810952414F2E300C041FB /* digi_plink.m4a in Resources */,
				B344F45D24188A8A000583C9 /* collectBig.mp3 in Resources */,
				B348108A2414F1E000C041FB /* SharedImages.xcassets in Resources */,
				B344F46C24188A8A000583C9 /* Step_rock_09.mp3 in Resources */,
				B344F46D24188A8A000583C9 /* hitEnemy.wav in Resources */,
				B344F46124188A8A000583C9 /* ouch_firehit.mp3 in Resources */,
				B34810872414F16300C041FB /* Icons.xcassets in Resources */,
				B344F46924188A8A000583C9 /* Step_rock_05.mp3 in Resources */,
				B3B539AD240A56E9005163CE /* Main.storyboard in Resources */,
				B348109A2414F2E300C041FB /* zap_lores.m4a in Resources */,
				B34810972414F2E300C041FB /* keyboard.mp3 in Resources */,
				B344F46724188A8A000583C9 /* Step_rock_03.mp3 in Resources */,
				B344F46524188A8A000583C9 /* Music_victory.mp3 in Resources */,
			);
			runOnlyForDeploymentPostprocessing = 0;
		};
/* End PBXResourcesBuildPhase section */

/* Begin PBXShellScriptBuildPhase section */
		317833336A9B2123D7C7EF2B /* [CP] Check Pods Manifest.lock */ = {
			isa = PBXShellScriptBuildPhase;
			buildActionMask = 2147483647;
			files = (
			);
			inputFileListPaths = (
			);
			inputPaths = (
				"${PODS_PODFILE_DIR_PATH}/Podfile.lock",
				"${PODS_ROOT}/Manifest.lock",
			);
			name = "[CP] Check Pods Manifest.lock";
			outputFileListPaths = (
			);
			outputPaths = (
				"$(DERIVED_FILE_DIR)/Pods-MyPlaygroundUITests-checkManifestLockResult.txt",
			);
			runOnlyForDeploymentPostprocessing = 0;
			shellPath = /bin/sh;
			shellScript = "diff \"${PODS_PODFILE_DIR_PATH}/Podfile.lock\" \"${PODS_ROOT}/Manifest.lock\" > /dev/null\nif [ $? != 0 ] ; then\n    # print error to STDERR\n    echo \"error: The sandbox is not in sync with the Podfile.lock. Run 'pod install' or update your CocoaPods installation.\" >&2\n    exit 1\nfi\n# This output is used by Xcode 'outputs' to avoid re-running this script phase.\necho \"SUCCESS\" > \"${SCRIPT_OUTPUT_FILE_0}\"\n";
			showEnvVarsInLog = 0;
		};
		5B4E82F3371D5C8D07CCCB2F /* [CP] Check Pods Manifest.lock */ = {
			isa = PBXShellScriptBuildPhase;
			buildActionMask = 2147483647;
			files = (
			);
			inputFileListPaths = (
			);
			inputPaths = (
				"${PODS_PODFILE_DIR_PATH}/Podfile.lock",
				"${PODS_ROOT}/Manifest.lock",
			);
			name = "[CP] Check Pods Manifest.lock";
			outputFileListPaths = (
			);
			outputPaths = (
				"$(DERIVED_FILE_DIR)/Pods-DDFramework-checkManifestLockResult.txt",
			);
			runOnlyForDeploymentPostprocessing = 0;
			shellPath = /bin/sh;
			shellScript = "diff \"${PODS_PODFILE_DIR_PATH}/Podfile.lock\" \"${PODS_ROOT}/Manifest.lock\" > /dev/null\nif [ $? != 0 ] ; then\n    # print error to STDERR\n    echo \"error: The sandbox is not in sync with the Podfile.lock. Run 'pod install' or update your CocoaPods installation.\" >&2\n    exit 1\nfi\n# This output is used by Xcode 'outputs' to avoid re-running this script phase.\necho \"SUCCESS\" > \"${SCRIPT_OUTPUT_FILE_0}\"\n";
			showEnvVarsInLog = 0;
		};
		63B26D880B1DF03F6EDF023E /* [CP] Check Pods Manifest.lock */ = {
			isa = PBXShellScriptBuildPhase;
			buildActionMask = 2147483647;
			files = (
			);
			inputFileListPaths = (
			);
			inputPaths = (
				"${PODS_PODFILE_DIR_PATH}/Podfile.lock",
				"${PODS_ROOT}/Manifest.lock",
			);
			name = "[CP] Check Pods Manifest.lock";
			outputFileListPaths = (
			);
			outputPaths = (
				"$(DERIVED_FILE_DIR)/Pods-MyPlayground-checkManifestLockResult.txt",
			);
			runOnlyForDeploymentPostprocessing = 0;
			shellPath = /bin/sh;
			shellScript = "diff \"${PODS_PODFILE_DIR_PATH}/Podfile.lock\" \"${PODS_ROOT}/Manifest.lock\" > /dev/null\nif [ $? != 0 ] ; then\n    # print error to STDERR\n    echo \"error: The sandbox is not in sync with the Podfile.lock. Run 'pod install' or update your CocoaPods installation.\" >&2\n    exit 1\nfi\n# This output is used by Xcode 'outputs' to avoid re-running this script phase.\necho \"SUCCESS\" > \"${SCRIPT_OUTPUT_FILE_0}\"\n";
			showEnvVarsInLog = 0;
		};
		9851E3C4804DFAFC41FE3178 /* [CP] Check Pods Manifest.lock */ = {
			isa = PBXShellScriptBuildPhase;
			buildActionMask = 2147483647;
			files = (
			);
			inputFileListPaths = (
			);
			inputPaths = (
				"${PODS_PODFILE_DIR_PATH}/Podfile.lock",
				"${PODS_ROOT}/Manifest.lock",
			);
			name = "[CP] Check Pods Manifest.lock";
			outputFileListPaths = (
			);
			outputPaths = (
				"$(DERIVED_FILE_DIR)/Pods-DDUIKit-checkManifestLockResult.txt",
			);
			runOnlyForDeploymentPostprocessing = 0;
			shellPath = /bin/sh;
			shellScript = "diff \"${PODS_PODFILE_DIR_PATH}/Podfile.lock\" \"${PODS_ROOT}/Manifest.lock\" > /dev/null\nif [ $? != 0 ] ; then\n    # print error to STDERR\n    echo \"error: The sandbox is not in sync with the Podfile.lock. Run 'pod install' or update your CocoaPods installation.\" >&2\n    exit 1\nfi\n# This output is used by Xcode 'outputs' to avoid re-running this script phase.\necho \"SUCCESS\" > \"${SCRIPT_OUTPUT_FILE_0}\"\n";
			showEnvVarsInLog = 0;
		};
		BBA002CD80919F34D49719D1 /* [CP] Embed Pods Frameworks */ = {
			isa = PBXShellScriptBuildPhase;
			buildActionMask = 2147483647;
			files = (
			);
			inputFileListPaths = (
				"${PODS_ROOT}/Target Support Files/Pods-MyPlayground/Pods-MyPlayground-frameworks-${CONFIGURATION}-input-files.xcfilelist",
			);
			name = "[CP] Embed Pods Frameworks";
			outputFileListPaths = (
				"${PODS_ROOT}/Target Support Files/Pods-MyPlayground/Pods-MyPlayground-frameworks-${CONFIGURATION}-output-files.xcfilelist",
			);
			runOnlyForDeploymentPostprocessing = 0;
			shellPath = /bin/sh;
			shellScript = "\"${PODS_ROOT}/Target Support Files/Pods-MyPlayground/Pods-MyPlayground-frameworks.sh\"\n";
			showEnvVarsInLog = 0;
		};
/* End PBXShellScriptBuildPhase section */

/* Begin PBXSourcesBuildPhase section */
		B3437DB92410B651004971E1 /* Sources */ = {
			isa = PBXSourcesBuildPhase;
			buildActionMask = 2147483647;
			files = (
				B3437DD82410B68C004971E1 /* DDViewController.swift in Sources */,
				B3437DD72410B68C004971E1 /* DDSection.swift in Sources */,
				B3437DD42410B68C004971E1 /* DDCollectionViewCell.swift in Sources */,
				B3437DD62410B68C004971E1 /* DDRow2.swift in Sources */,
				B34810802414911D00C041FB /* DDCollectionViewController.swift in Sources */,
				B3437DD52410B68C004971E1 /* DDRow1.swift in Sources */,
				B3437DD22410B68C004971E1 /* DDCollectionView.swift in Sources */,
				B3437DD12410B68C004971E1 /* DDRow3.swift in Sources */,
				B3437DD32410B68C004971E1 /* DDRow.swift in Sources */,
			);
			runOnlyForDeploymentPostprocessing = 0;
		};
		B3437DD924127E40004971E1 /* Sources */ = {
			isa = PBXSourcesBuildPhase;
			buildActionMask = 2147483647;
			files = (
				B3437DE024127E40004971E1 /* MyPlaygroundUITests.swift in Sources */,
			);
			runOnlyForDeploymentPostprocessing = 0;
		};
		B36C2934240A5C96003B57E1 /* Sources */ = {
			isa = PBXSourcesBuildPhase;
			buildActionMask = 2147483647;
			files = (
				B36C2946240A5D2B003B57E1 /* DDFunctionClass.swift in Sources */,
			);
			runOnlyForDeploymentPostprocessing = 0;
		};
		B3B5399E240A56E9005163CE /* Sources */ = {
			isa = PBXSourcesBuildPhase;
			buildActionMask = 2147483647;
			files = (
				B3B539B0240A56E9005163CE /* MyPlayground.xcdatamodeld in Sources */,
				B344F4412418872B000583C9 /* SwitcherView.swift in Sources */,
				B36C2932240A5A38003B57E1 /* GradientManager.swift in Sources */,
				B3498DCE2413EC7C00867D6D /* DDRxViewController.swift in Sources */,
				B3B539AA240A56E9005163CE /* ViewController.swift in Sources */,
				B3B539A6240A56E9005163CE /* AppDelegate.swift in Sources */,
				B3437DB72410B5A2004971E1 /* SortFunction.swift in Sources */,
				B3B539BE240A575A005163CE /* CoreDataManager.swift in Sources */,
				B3B539A8240A56E9005163CE /* SceneDelegate.swift in Sources */,
				B3B539C3240A5811005163CE /* Model1+CoreDataProperties.swift in Sources */,
				B344F4402418872B000583C9 /* ContainerView.swift in Sources */,
				B3B539C2240A5811005163CE /* Model1+CoreDataClass.swift in Sources */,
			);
			runOnlyForDeploymentPostprocessing = 0;
		};
/* End PBXSourcesBuildPhase section */

/* Begin PBXTargetDependency section */
		B3437DC32410B651004971E1 /* PBXTargetDependency */ = {
			isa = PBXTargetDependency;
			target = B3437DBC2410B651004971E1 /* DDUIKit */;
			targetProxy = B3437DC22410B651004971E1 /* PBXContainerItemProxy */;
		};
		B3437DE324127E40004971E1 /* PBXTargetDependency */ = {
			isa = PBXTargetDependency;
			target = B3B539A1240A56E9005163CE /* MyPlayground */;
			targetProxy = B3437DE224127E40004971E1 /* PBXContainerItemProxy */;
		};
		B36C293E240A5C96003B57E1 /* PBXTargetDependency */ = {
			isa = PBXTargetDependency;
			target = B36C2937240A5C96003B57E1 /* DDFramework */;
			targetProxy = B36C293D240A5C96003B57E1 /* PBXContainerItemProxy */;
		};
/* End PBXTargetDependency section */

/* Begin PBXVariantGroup section */
		B3B539AB240A56E9005163CE /* Main.storyboard */ = {
			isa = PBXVariantGroup;
			children = (
				B3B539AC240A56E9005163CE /* Base */,
			);
			name = Main.storyboard;
			sourceTree = "<group>";
		};
		B3B539B3240A56EB005163CE /* LaunchScreen.storyboard */ = {
			isa = PBXVariantGroup;
			children = (
				B3B539B4240A56EB005163CE /* Base */,
			);
			name = LaunchScreen.storyboard;
			sourceTree = "<group>";
		};
/* End PBXVariantGroup section */

/* Begin XCBuildConfiguration section */
		B3437DC72410B651004971E1 /* Debug */ = {
			isa = XCBuildConfiguration;
			baseConfigurationReference = FFE2C7933DDAB8691D197D93 /* Pods-DDUIKit.debug.xcconfig */;
			buildSettings = {
				CLANG_ENABLE_MODULES = YES;
				CODE_SIGN_STYLE = Automatic;
				CURRENT_PROJECT_VERSION = 1;
				DEFINES_MODULE = YES;
				DEVELOPMENT_TEAM = 3G3KPW6FQ7;
				DYLIB_COMPATIBILITY_VERSION = 1;
				DYLIB_CURRENT_VERSION = 1;
				DYLIB_INSTALL_NAME_BASE = "@rpath";
				INFOPLIST_FILE = DDUIKit/Info.plist;
				INSTALL_PATH = "$(LOCAL_LIBRARY_DIR)/Frameworks";
				LD_RUNPATH_SEARCH_PATHS = (
					"$(inherited)",
					"@executable_path/Frameworks",
					"@loader_path/Frameworks",
				);
				PRODUCT_BUNDLE_IDENTIFIER = hhcszgd.DDUIKit;
				PRODUCT_NAME = "$(TARGET_NAME:c99extidentifier)";
				SKIP_INSTALL = YES;
				SWIFT_OPTIMIZATION_LEVEL = "-Onone";
				SWIFT_VERSION = 5.0;
				TARGETED_DEVICE_FAMILY = "1,2";
				VERSIONING_SYSTEM = "apple-generic";
				VERSION_INFO_PREFIX = "";
			};
			name = Debug;
		};
		B3437DC82410B651004971E1 /* Release */ = {
			isa = XCBuildConfiguration;
			baseConfigurationReference = 6CB5AB4C6BF6567585821050 /* Pods-DDUIKit.release.xcconfig */;
			buildSettings = {
				CLANG_ENABLE_MODULES = YES;
				CODE_SIGN_STYLE = Automatic;
				CURRENT_PROJECT_VERSION = 1;
				DEFINES_MODULE = YES;
				DEVELOPMENT_TEAM = 3G3KPW6FQ7;
				DYLIB_COMPATIBILITY_VERSION = 1;
				DYLIB_CURRENT_VERSION = 1;
				DYLIB_INSTALL_NAME_BASE = "@rpath";
				INFOPLIST_FILE = DDUIKit/Info.plist;
				INSTALL_PATH = "$(LOCAL_LIBRARY_DIR)/Frameworks";
				LD_RUNPATH_SEARCH_PATHS = (
					"$(inherited)",
					"@executable_path/Frameworks",
					"@loader_path/Frameworks",
				);
				PRODUCT_BUNDLE_IDENTIFIER = hhcszgd.DDUIKit;
				PRODUCT_NAME = "$(TARGET_NAME:c99extidentifier)";
				SKIP_INSTALL = YES;
				SWIFT_VERSION = 5.0;
				TARGETED_DEVICE_FAMILY = "1,2";
				VERSIONING_SYSTEM = "apple-generic";
				VERSION_INFO_PREFIX = "";
			};
			name = Release;
		};
		B3437DE424127E40004971E1 /* Debug */ = {
			isa = XCBuildConfiguration;
			baseConfigurationReference = 49AF9A21D1E790DCAF8FBDEB /* Pods-MyPlaygroundUITests.debug.xcconfig */;
			buildSettings = {
				CODE_SIGN_STYLE = Automatic;
				DEVELOPMENT_TEAM = 3G3KPW6FQ7;
				INFOPLIST_FILE = MyPlaygroundUITests/Info.plist;
				LD_RUNPATH_SEARCH_PATHS = (
					"$(inherited)",
					"@executable_path/Frameworks",
					"@loader_path/Frameworks",
				);
				PRODUCT_BUNDLE_IDENTIFIER = hhcszgd.MyPlaygroundUITests;
				PRODUCT_NAME = "$(TARGET_NAME)";
				SWIFT_VERSION = 5.0;
				TARGETED_DEVICE_FAMILY = "1,2";
				TEST_TARGET_NAME = MyPlayground;
			};
			name = Debug;
		};
		B3437DE524127E40004971E1 /* Release */ = {
			isa = XCBuildConfiguration;
			baseConfigurationReference = D3C2FD2FBAA7F2C31CF60D91 /* Pods-MyPlaygroundUITests.release.xcconfig */;
			buildSettings = {
				CODE_SIGN_STYLE = Automatic;
				DEVELOPMENT_TEAM = 3G3KPW6FQ7;
				INFOPLIST_FILE = MyPlaygroundUITests/Info.plist;
				LD_RUNPATH_SEARCH_PATHS = (
					"$(inherited)",
					"@executable_path/Frameworks",
					"@loader_path/Frameworks",
				);
				PRODUCT_BUNDLE_IDENTIFIER = hhcszgd.MyPlaygroundUITests;
				PRODUCT_NAME = "$(TARGET_NAME)";
				SWIFT_VERSION = 5.0;
				TARGETED_DEVICE_FAMILY = "1,2";
				TEST_TARGET_NAME = MyPlayground;
			};
			name = Release;
		};
		B36C2942240A5C96003B57E1 /* Debug */ = {
			isa = XCBuildConfiguration;
			baseConfigurationReference = F18500B797B8867A4B96E4F0 /* Pods-DDFramework.debug.xcconfig */;
			buildSettings = {
				CLANG_ENABLE_MODULES = YES;
				CODE_SIGN_STYLE = Automatic;
				CURRENT_PROJECT_VERSION = 1;
				DEFINES_MODULE = YES;
				DEVELOPMENT_TEAM = 3G3KPW6FQ7;
				DYLIB_COMPATIBILITY_VERSION = 1;
				DYLIB_CURRENT_VERSION = 1;
				DYLIB_INSTALL_NAME_BASE = "@rpath";
				INFOPLIST_FILE = DDFramework/Info.plist;
				INSTALL_PATH = "$(LOCAL_LIBRARY_DIR)/Frameworks";
				LD_RUNPATH_SEARCH_PATHS = (
					"$(inherited)",
					"@executable_path/Frameworks",
					"@loader_path/Frameworks",
				);
				PRODUCT_BUNDLE_IDENTIFIER = hhcszgd.DDFramework;
				PRODUCT_NAME = "$(TARGET_NAME:c99extidentifier)";
				SKIP_INSTALL = YES;
				SWIFT_OPTIMIZATION_LEVEL = "-Onone";
				SWIFT_VERSION = 5.0;
				TARGETED_DEVICE_FAMILY = "1,2";
				VERSIONING_SYSTEM = "apple-generic";
				VERSION_INFO_PREFIX = "";
			};
			name = Debug;
		};
		B36C2943240A5C96003B57E1 /* Release */ = {
			isa = XCBuildConfiguration;
			baseConfigurationReference = D03A255FEC5623E5842F0D2E /* Pods-DDFramework.release.xcconfig */;
			buildSettings = {
				CLANG_ENABLE_MODULES = YES;
				CODE_SIGN_STYLE = Automatic;
				CURRENT_PROJECT_VERSION = 1;
				DEFINES_MODULE = YES;
				DEVELOPMENT_TEAM = 3G3KPW6FQ7;
				DYLIB_COMPATIBILITY_VERSION = 1;
				DYLIB_CURRENT_VERSION = 1;
				DYLIB_INSTALL_NAME_BASE = "@rpath";
				INFOPLIST_FILE = DDFramework/Info.plist;
				INSTALL_PATH = "$(LOCAL_LIBRARY_DIR)/Frameworks";
				LD_RUNPATH_SEARCH_PATHS = (
					"$(inherited)",
					"@executable_path/Frameworks",
					"@loader_path/Frameworks",
				);
				PRODUCT_BUNDLE_IDENTIFIER = hhcszgd.DDFramework;
				PRODUCT_NAME = "$(TARGET_NAME:c99extidentifier)";
				SKIP_INSTALL = YES;
				SWIFT_VERSION = 5.0;
				TARGETED_DEVICE_FAMILY = "1,2";
				VERSIONING_SYSTEM = "apple-generic";
				VERSION_INFO_PREFIX = "";
			};
			name = Release;
		};
		B3B539B7240A56EB005163CE /* Debug */ = {
			isa = XCBuildConfiguration;
			buildSettings = {
				ALWAYS_SEARCH_USER_PATHS = NO;
				CLANG_ANALYZER_NONNULL = YES;
				CLANG_ANALYZER_NUMBER_OBJECT_CONVERSION = YES_AGGRESSIVE;
				CLANG_CXX_LANGUAGE_STANDARD = "gnu++14";
				CLANG_CXX_LIBRARY = "libc++";
				CLANG_ENABLE_MODULES = YES;
				CLANG_ENABLE_OBJC_ARC = YES;
				CLANG_ENABLE_OBJC_WEAK = YES;
				CLANG_WARN_BLOCK_CAPTURE_AUTORELEASING = YES;
				CLANG_WARN_BOOL_CONVERSION = YES;
				CLANG_WARN_COMMA = YES;
				CLANG_WARN_CONSTANT_CONVERSION = YES;
				CLANG_WARN_DEPRECATED_OBJC_IMPLEMENTATIONS = YES;
				CLANG_WARN_DIRECT_OBJC_ISA_USAGE = YES_ERROR;
				CLANG_WARN_DOCUMENTATION_COMMENTS = YES;
				CLANG_WARN_EMPTY_BODY = YES;
				CLANG_WARN_ENUM_CONVERSION = YES;
				CLANG_WARN_INFINITE_RECURSION = YES;
				CLANG_WARN_INT_CONVERSION = YES;
				CLANG_WARN_NON_LITERAL_NULL_CONVERSION = YES;
				CLANG_WARN_OBJC_IMPLICIT_RETAIN_SELF = YES;
				CLANG_WARN_OBJC_LITERAL_CONVERSION = YES;
				CLANG_WARN_OBJC_ROOT_CLASS = YES_ERROR;
				CLANG_WARN_RANGE_LOOP_ANALYSIS = YES;
				CLANG_WARN_STRICT_PROTOTYPES = YES;
				CLANG_WARN_SUSPICIOUS_MOVE = YES;
				CLANG_WARN_UNGUARDED_AVAILABILITY = YES_AGGRESSIVE;
				CLANG_WARN_UNREACHABLE_CODE = YES;
				CLANG_WARN__DUPLICATE_METHOD_MATCH = YES;
				COPY_PHASE_STRIP = NO;
				DEBUG_INFORMATION_FORMAT = dwarf;
				ENABLE_STRICT_OBJC_MSGSEND = YES;
				ENABLE_TESTABILITY = YES;
				GCC_C_LANGUAGE_STANDARD = gnu11;
				GCC_DYNAMIC_NO_PIC = NO;
				GCC_NO_COMMON_BLOCKS = YES;
				GCC_OPTIMIZATION_LEVEL = 0;
				GCC_PREPROCESSOR_DEFINITIONS = (
					"DEBUG=1",
					"$(inherited)",
				);
				GCC_WARN_64_TO_32_BIT_CONVERSION = YES;
				GCC_WARN_ABOUT_RETURN_TYPE = YES_ERROR;
				GCC_WARN_UNDECLARED_SELECTOR = YES;
				GCC_WARN_UNINITIALIZED_AUTOS = YES_AGGRESSIVE;
				GCC_WARN_UNUSED_FUNCTION = YES;
				GCC_WARN_UNUSED_VARIABLE = YES;
				IPHONEOS_DEPLOYMENT_TARGET = 11.0;
				MTL_ENABLE_DEBUG_INFO = INCLUDE_SOURCE;
				MTL_FAST_MATH = YES;
				ONLY_ACTIVE_ARCH = YES;
				SDKROOT = iphoneos;
				SWIFT_ACTIVE_COMPILATION_CONDITIONS = DEBUG;
				SWIFT_OPTIMIZATION_LEVEL = "-Onone";
			};
			name = Debug;
		};
		B3B539B8240A56EB005163CE /* Release */ = {
			isa = XCBuildConfiguration;
			buildSettings = {
				ALWAYS_SEARCH_USER_PATHS = NO;
				CLANG_ANALYZER_NONNULL = YES;
				CLANG_ANALYZER_NUMBER_OBJECT_CONVERSION = YES_AGGRESSIVE;
				CLANG_CXX_LANGUAGE_STANDARD = "gnu++14";
				CLANG_CXX_LIBRARY = "libc++";
				CLANG_ENABLE_MODULES = YES;
				CLANG_ENABLE_OBJC_ARC = YES;
				CLANG_ENABLE_OBJC_WEAK = YES;
				CLANG_WARN_BLOCK_CAPTURE_AUTORELEASING = YES;
				CLANG_WARN_BOOL_CONVERSION = YES;
				CLANG_WARN_COMMA = YES;
				CLANG_WARN_CONSTANT_CONVERSION = YES;
				CLANG_WARN_DEPRECATED_OBJC_IMPLEMENTATIONS = YES;
				CLANG_WARN_DIRECT_OBJC_ISA_USAGE = YES_ERROR;
				CLANG_WARN_DOCUMENTATION_COMMENTS = YES;
				CLANG_WARN_EMPTY_BODY = YES;
				CLANG_WARN_ENUM_CONVERSION = YES;
				CLANG_WARN_INFINITE_RECURSION = YES;
				CLANG_WARN_INT_CONVERSION = YES;
				CLANG_WARN_NON_LITERAL_NULL_CONVERSION = YES;
				CLANG_WARN_OBJC_IMPLICIT_RETAIN_SELF = YES;
				CLANG_WARN_OBJC_LITERAL_CONVERSION = YES;
				CLANG_WARN_OBJC_ROOT_CLASS = YES_ERROR;
				CLANG_WARN_RANGE_LOOP_ANALYSIS = YES;
				CLANG_WARN_STRICT_PROTOTYPES = YES;
				CLANG_WARN_SUSPICIOUS_MOVE = YES;
				CLANG_WARN_UNGUARDED_AVAILABILITY = YES_AGGRESSIVE;
				CLANG_WARN_UNREACHABLE_CODE = YES;
				CLANG_WARN__DUPLICATE_METHOD_MATCH = YES;
				COPY_PHASE_STRIP = NO;
				DEBUG_INFORMATION_FORMAT = "dwarf-with-dsym";
				ENABLE_NS_ASSERTIONS = NO;
				ENABLE_STRICT_OBJC_MSGSEND = YES;
				GCC_C_LANGUAGE_STANDARD = gnu11;
				GCC_NO_COMMON_BLOCKS = YES;
				GCC_WARN_64_TO_32_BIT_CONVERSION = YES;
				GCC_WARN_ABOUT_RETURN_TYPE = YES_ERROR;
				GCC_WARN_UNDECLARED_SELECTOR = YES;
				GCC_WARN_UNINITIALIZED_AUTOS = YES_AGGRESSIVE;
				GCC_WARN_UNUSED_FUNCTION = YES;
				GCC_WARN_UNUSED_VARIABLE = YES;
				IPHONEOS_DEPLOYMENT_TARGET = 11.0;
				MTL_ENABLE_DEBUG_INFO = NO;
				MTL_FAST_MATH = YES;
				SDKROOT = iphoneos;
				SWIFT_COMPILATION_MODE = wholemodule;
				SWIFT_OPTIMIZATION_LEVEL = "-O";
				VALIDATE_PRODUCT = YES;
			};
			name = Release;
		};
		B3B539BA240A56EB005163CE /* Debug */ = {
			isa = XCBuildConfiguration;
			baseConfigurationReference = E1DA540BC4FF1EA210C598BE /* Pods-MyPlayground.debug.xcconfig */;
			buildSettings = {
				ALWAYS_EMBED_SWIFT_STANDARD_LIBRARIES = "$(inherited)";
				ASSETCATALOG_COMPILER_APPICON_NAME = AppIcon;
				CODE_SIGN_STYLE = Automatic;
				DEVELOPMENT_TEAM = 3G3KPW6FQ7;
				INFOPLIST_FILE = MyPlayground/Info.plist;
				LD_RUNPATH_SEARCH_PATHS = (
					"$(inherited)",
					"@executable_path/Frameworks",
				);
				PRODUCT_BUNDLE_IDENTIFIER = hhcszgd.MyPlayground;
				PRODUCT_NAME = "$(TARGET_NAME)";
				SWIFT_VERSION = 5.0;
				TARGETED_DEVICE_FAMILY = "1,2";
			};
			name = Debug;
		};
		B3B539BB240A56EB005163CE /* Release */ = {
			isa = XCBuildConfiguration;
			baseConfigurationReference = 571248CAAE0270E3F8EE4D59 /* Pods-MyPlayground.release.xcconfig */;
			buildSettings = {
				ALWAYS_EMBED_SWIFT_STANDARD_LIBRARIES = "$(inherited)";
				ASSETCATALOG_COMPILER_APPICON_NAME = AppIcon;
				CODE_SIGN_STYLE = Automatic;
				DEVELOPMENT_TEAM = 3G3KPW6FQ7;
				INFOPLIST_FILE = MyPlayground/Info.plist;
				LD_RUNPATH_SEARCH_PATHS = (
					"$(inherited)",
					"@executable_path/Frameworks",
				);
				PRODUCT_BUNDLE_IDENTIFIER = hhcszgd.MyPlayground;
				PRODUCT_NAME = "$(TARGET_NAME)";
				SWIFT_VERSION = 5.0;
				TARGETED_DEVICE_FAMILY = "1,2";
			};
			name = Release;
		};
/* End XCBuildConfiguration section */

/* Begin XCConfigurationList section */
		B3437DC62410B651004971E1 /* Build configuration list for PBXNativeTarget "DDUIKit" */ = {
			isa = XCConfigurationList;
			buildConfigurations = (
				B3437DC72410B651004971E1 /* Debug */,
				B3437DC82410B651004971E1 /* Release */,
			);
			defaultConfigurationIsVisible = 0;
			defaultConfigurationName = Release;
		};
		B3437DE624127E40004971E1 /* Build configuration list for PBXNativeTarget "MyPlaygroundUITests" */ = {
			isa = XCConfigurationList;
			buildConfigurations = (
				B3437DE424127E40004971E1 /* Debug */,
				B3437DE524127E40004971E1 /* Release */,
			);
			defaultConfigurationIsVisible = 0;
			defaultConfigurationName = Release;
		};
		B36C2941240A5C96003B57E1 /* Build configuration list for PBXNativeTarget "DDFramework" */ = {
			isa = XCConfigurationList;
			buildConfigurations = (
				B36C2942240A5C96003B57E1 /* Debug */,
				B36C2943240A5C96003B57E1 /* Release */,
			);
			defaultConfigurationIsVisible = 0;
			defaultConfigurationName = Release;
		};
		B3B5399D240A56E9005163CE /* Build configuration list for PBXProject "MyPlayground" */ = {
			isa = XCConfigurationList;
			buildConfigurations = (
				B3B539B7240A56EB005163CE /* Debug */,
				B3B539B8240A56EB005163CE /* Release */,
			);
			defaultConfigurationIsVisible = 0;
			defaultConfigurationName = Release;
		};
		B3B539B9240A56EB005163CE /* Build configuration list for PBXNativeTarget "MyPlayground" */ = {
			isa = XCConfigurationList;
			buildConfigurations = (
				B3B539BA240A56EB005163CE /* Debug */,
				B3B539BB240A56EB005163CE /* Release */,
			);
			defaultConfigurationIsVisible = 0;
			defaultConfigurationName = Release;
		};
/* End XCConfigurationList section */

/* Begin XCVersionGroup section */
		B3B539AE240A56E9005163CE /* MyPlayground.xcdatamodeld */ = {
			isa = XCVersionGroup;
			children = (
				B3B539AF240A56E9005163CE /* MyPlayground.xcdatamodel */,
			);
			currentVersion = B3B539AF240A56E9005163CE /* MyPlayground.xcdatamodel */;
			path = MyPlayground.xcdatamodeld;
			sourceTree = "<group>";
			versionGroupType = wrapper.xcdatamodel;
		};
/* End XCVersionGroup section */
	};
	rootObject = B3B5399A240A56E9005163CE /* Project object */;
}
